
Microsoft Visual Studio Solution File, Format Version 12.00
# Visual Studio Version 16
VisualStudioVersion = 16.0.30330.147
MinimumVisualStudioVersion = 10.0.40219.1
Project("{9A19103F-16F7-4668-BE54-9A1E7A4F7556}") = "Styles.Library", "Styles.Library\Styles.Library.csproj", "{54336D36-6E50-43F7-B909-0FCFBD25C040}"
EndProject
Project("{9A19103F-16F7-4668-BE54-9A1E7A4F7556}") = "Logging.Library", "Logging.Library\Logging.Library.csproj", "{993A6B4F-645E-4FD6-9F53-F354D11039BC}"
EndProject
Project("{9A19103F-16F7-4668-BE54-9A1E7A4F7556}") = "Utilities.Library", "Utilities.Library\Utilities.Library.csproj", "{7C258311-0DA8-4038-A1BB-7A40A2D713CA}"
EndProject
Project("{9A19103F-16F7-4668-BE54-9A1E7A4F7556}") = "ConsoleDemo", "ConsoleDemo\ConsoleDemo.csproj", "{17385B25-DED7-45F8-9EB1-67BF49D554DF}"
EndProject
Project("{9A19103F-16F7-4668-BE54-9A1E7A4F7556}") = "SQLiteDatabase.Library", "SQLiteDatabase.Library\SQLiteDatabase.Library.csproj", "{C140DA4A-F8F4-4F98-91AA-1DF044519AB4}"
EndProject
Project("{9A19103F-16F7-4668-BE54-9A1E7A4F7556}") = "Filter.Library", "Filter.Library\Filter.Library.csproj", "{F87B51DC-AD89-40F3-88BF-F3E02F6D2FEB}"
EndProject
Project("{9A19103F-16F7-4668-BE54-9A1E7A4F7556}") = "Screenshots.Library", "Screenshots.Library\Screenshots.Library.csproj", "{5E5BCD8C-187D-4A89-BB66-2DA3F5139D1B}"
EndProject
Project("{9A19103F-16F7-4668-BE54-9A1E7A4F7556}") = "ThumbnailSharp", "..\mirzaevolution\ThumbnailSharp\ThumbnailSharp\ThumbnailSharp.csproj", "{E7A8638D-CAE2-4311-ACAB-6C7D74686393}"
EndProject
Project("{9A19103F-16F7-4668-BE54-9A1E7A4F7556}") = "Filter.Library.WPF", "Filter.Library.WPF\Filter.Library.WPF.csproj", "{C25E84A2-72A3-446A-B342-1A23BC02AA98}"
EndProject
Project("{9A19103F-16F7-4668-BE54-9A1E7A4F7556}") = "WPFDemo", "WPFDemo\WPFDemo.csproj", "{FCC690D5-04D6-4368-B749-8B9469867C98}"
EndProject
Project("{9A19103F-16F7-4668-BE54-9A1E7A4F7556}") = "Screenshots.Library.WPF", "Screenshots.Library.WPF\Screenshots.Library.WPF.csproj", "{86FCD1EA-20B4-4D44-A17F-804391574716}"
EndProject
Project("{2150E333-8FDC-42A3-9474-1A3956D46DE8}") = "Solution Items", "Solution Items", "{E0E751EB-6867-4D08-B8E7-785781AAA78F}"
	ProjectSection(SolutionItems) = preProject
		.editorconfig = .editorconfig
		build.cake = build.cake
		.config\dotnet-tools.json = .config\dotnet-tools.json
	EndProjectSection
EndProject
Project("{9A19103F-16F7-4668-BE54-9A1E7A4F7556}") = "TreeBuilders.Library.Wpf", "TreeBuilders.Library.Wpf\TreeBuilders.Library.Wpf.csproj", "{D6763F9C-A3AF-427E-9D16-A37236D3AF20}"
EndProject
Project("{9A19103F-16F7-4668-BE54-9A1E7A4F7556}") = "Utilities.Library.Wpf", "Utilities.Library.Wpf\Utilities.Library.Wpf.csproj", "{5B73F9B7-C444-45DA-8ECB-1B6918746D9D}"
EndProject
Project("{FAE04EC0-301F-11D3-BF4B-00C04F79EFBC}") = "Logging.Library.Wpf", "Logging.Library.Wpf\Logging.Library.Wpf.csproj", "{DBD5D202-E009-4699-B8EB-CDFFEA2D74D1}"
EndProject
Global
	GlobalSection(SolutionConfigurationPlatforms) = preSolution
		Debug|Any CPU = Debug|Any CPU
		Release|Any CPU = Release|Any CPU
	EndGlobalSection
	GlobalSection(ProjectConfigurationPlatforms) = postSolution
		{54336D36-6E50-43F7-B909-0FCFBD25C040}.Debug|Any CPU.ActiveCfg = Debug|Any CPU
		{54336D36-6E50-43F7-B909-0FCFBD25C040}.Debug|Any CPU.Build.0 = Debug|Any CPU
		{54336D36-6E50-43F7-B909-0FCFBD25C040}.Release|Any CPU.ActiveCfg = Release|Any CPU
		{54336D36-6E50-43F7-B909-0FCFBD25C040}.Release|Any CPU.Build.0 = Release|Any CPU
		{993A6B4F-645E-4FD6-9F53-F354D11039BC}.Debug|Any CPU.ActiveCfg = Debug|Any CPU
		{993A6B4F-645E-4FD6-9F53-F354D11039BC}.Debug|Any CPU.Build.0 = Debug|Any CPU
		{993A6B4F-645E-4FD6-9F53-F354D11039BC}.Release|Any CPU.ActiveCfg = Release|Any CPU
		{993A6B4F-645E-4FD6-9F53-F354D11039BC}.Release|Any CPU.Build.0 = Release|Any CPU
		{7C258311-0DA8-4038-A1BB-7A40A2D713CA}.Debug|Any CPU.ActiveCfg = Debug|Any CPU
		{7C258311-0DA8-4038-A1BB-7A40A2D713CA}.Debug|Any CPU.Build.0 = Debug|Any CPU
		{7C258311-0DA8-4038-A1BB-7A40A2D713CA}.Release|Any CPU.ActiveCfg = Release|Any CPU
		{7C258311-0DA8-4038-A1BB-7A40A2D713CA}.Release|Any CPU.Build.0 = Release|Any CPU
		{17385B25-DED7-45F8-9EB1-67BF49D554DF}.Debug|Any CPU.ActiveCfg = Debug|Any CPU
		{17385B25-DED7-45F8-9EB1-67BF49D554DF}.Debug|Any CPU.Build.0 = Debug|Any CPU
		{17385B25-DED7-45F8-9EB1-67BF49D554DF}.Release|Any CPU.ActiveCfg = Release|Any CPU
		{17385B25-DED7-45F8-9EB1-67BF49D554DF}.Release|Any CPU.Build.0 = Release|Any CPU
		{C140DA4A-F8F4-4F98-91AA-1DF044519AB4}.Debug|Any CPU.ActiveCfg = Debug|Any CPU
		{C140DA4A-F8F4-4F98-91AA-1DF044519AB4}.Debug|Any CPU.Build.0 = Debug|Any CPU
		{C140DA4A-F8F4-4F98-91AA-1DF044519AB4}.Release|Any CPU.ActiveCfg = Release|Any CPU
		{C140DA4A-F8F4-4F98-91AA-1DF044519AB4}.Release|Any CPU.Build.0 = Release|Any CPU
		{F87B51DC-AD89-40F3-88BF-F3E02F6D2FEB}.Debug|Any CPU.ActiveCfg = Debug|Any CPU
		{F87B51DC-AD89-40F3-88BF-F3E02F6D2FEB}.Debug|Any CPU.Build.0 = Debug|Any CPU
		{F87B51DC-AD89-40F3-88BF-F3E02F6D2FEB}.Release|Any CPU.ActiveCfg = Release|Any CPU
		{F87B51DC-AD89-40F3-88BF-F3E02F6D2FEB}.Release|Any CPU.Build.0 = Release|Any CPU
		{5E5BCD8C-187D-4A89-BB66-2DA3F5139D1B}.Debug|Any CPU.ActiveCfg = Debug|Any CPU
		{5E5BCD8C-187D-4A89-BB66-2DA3F5139D1B}.Debug|Any CPU.Build.0 = Debug|Any CPU
		{5E5BCD8C-187D-4A89-BB66-2DA3F5139D1B}.Release|Any CPU.ActiveCfg = Release|Any CPU
		{5E5BCD8C-187D-4A89-BB66-2DA3F5139D1B}.Release|Any CPU.Build.0 = Release|Any CPU
		{E7A8638D-CAE2-4311-ACAB-6C7D74686393}.Debug|Any CPU.ActiveCfg = Debug|Any CPU
		{E7A8638D-CAE2-4311-ACAB-6C7D74686393}.Debug|Any CPU.Build.0 = Debug|Any CPU
		{E7A8638D-CAE2-4311-ACAB-6C7D74686393}.Release|Any CPU.ActiveCfg = Release|Any CPU
		{E7A8638D-CAE2-4311-ACAB-6C7D74686393}.Release|Any CPU.Build.0 = Release|Any CPU
		{C25E84A2-72A3-446A-B342-1A23BC02AA98}.Debug|Any CPU.ActiveCfg = Debug|Any CPU
		{C25E84A2-72A3-446A-B342-1A23BC02AA98}.Debug|Any CPU.Build.0 = Debug|Any CPU
		{C25E84A2-72A3-446A-B342-1A23BC02AA98}.Release|Any CPU.ActiveCfg = Release|Any CPU
		{C25E84A2-72A3-446A-B342-1A23BC02AA98}.Release|Any CPU.Build.0 = Release|Any CPU
		{FCC690D5-04D6-4368-B749-8B9469867C98}.Debug|Any CPU.ActiveCfg = Debug|Any CPU
		{FCC690D5-04D6-4368-B749-8B9469867C98}.Debug|Any CPU.Build.0 = Debug|Any CPU
		{FCC690D5-04D6-4368-B749-8B9469867C98}.Release|Any CPU.ActiveCfg = Release|Any CPU
		{FCC690D5-04D6-4368-B749-8B9469867C98}.Release|Any CPU.Build.0 = Release|Any CPU
		{86FCD1EA-20B4-4D44-A17F-804391574716}.Debug|Any CPU.ActiveCfg = Debug|Any CPU
		{86FCD1EA-20B4-4D44-A17F-804391574716}.Debug|Any CPU.Build.0 = Debug|Any CPU
		{86FCD1EA-20B4-4D44-A17F-804391574716}.Release|Any CPU.ActiveCfg = Release|Any CPU
		{86FCD1EA-20B4-4D44-A17F-804391574716}.Release|Any CPU.Build.0 = Release|Any CPU
		{D6763F9C-A3AF-427E-9D16-A37236D3AF20}.Debug|Any CPU.ActiveCfg = Debug|Any CPU
		{D6763F9C-A3AF-427E-9D16-A37236D3AF20}.Debug|Any CPU.Build.0 = Debug|Any CPU
		{D6763F9C-A3AF-427E-9D16-A37236D3AF20}.Release|Any CPU.ActiveCfg = Release|Any CPU
		{D6763F9C-A3AF-427E-9D16-A37236D3AF20}.Release|Any CPU.Build.0 = Release|Any CPU
		{5B73F9B7-C444-45DA-8ECB-1B6918746D9D}.Debug|Any CPU.ActiveCfg = Debug|Any CPU
		{5B73F9B7-C444-45DA-8ECB-1B6918746D9D}.Debug|Any CPU.Build.0 = Debug|Any CPU
		{5B73F9B7-C444-45DA-8ECB-1B6918746D9D}.Release|Any CPU.ActiveCfg = Release|Any CPU
		{5B73F9B7-C444-45DA-8ECB-1B6918746D9D}.Release|Any CPU.Build.0 = Release|Any CPU
		{DBD5D202-E009-4699-B8EB-CDFFEA2D74D1}.Debug|Any CPU.ActiveCfg = Debug|Any CPU
		{DBD5D202-E009-4699-B8EB-CDFFEA2D74D1}.Debug|Any CPU.Build.0 = Debug|Any CPU
		{DBD5D202-E009-4699-B8EB-CDFFEA2D74D1}.Release|Any CPU.ActiveCfg = Release|Any CPU
		{DBD5D202-E009-4699-B8EB-CDFFEA2D74D1}.Release|Any CPU.Build.0 = Release|Any CPU
	EndGlobalSection
	GlobalSection(SolutionProperties) = preSolution
		HideSolutionNode = FALSE
	EndGlobalSection
	GlobalSection(ExtensibilityGlobals) = postSolution
		SolutionGuid = {B72AD46A-D95B-405E-B96F-5DF85BC6210D}
	EndGlobalSection
EndGlobal
